
Microsoft Visual Studio Solution File, Format Version 12.00
# Visual Studio 15
VisualStudioVersion = 15.0.27130.2026
MinimumVisualStudioVersion = 10.0.40219.1
Project("{8BC9CEB8-8B4A-11D0-8D11-00A0C91BC942}") = "Project1", "Project1\Project1.vcxproj", "{442683AB-60DC-452A-8C59-FA8D2D9C99AC}"
EndProject
Global
	GlobalSection(SolutionConfigurationPlatforms) = preSolution
		Debug|x64 = Debug|x64
		Debug|x86 = Debug|x86
		Release|x64 = Release|x64
		Release|x86 = Release|x86
	EndGlobalSection
	GlobalSection(ProjectConfigurationPlatforms) = postSolution
		{442683AB-60DC-452A-8C59-FA8D2D9C99AC}.Debug|x64.ActiveCfg = Debug|x64
		{442683AB-60DC-452A-8C59-FA8D2D9C99AC}.Debug|x64.Build.0 = Debug|x64
		{442683AB-60DC-452A-8C59-FA8D2D9C99AC}.Debug|x86.ActiveCfg = Debug|Win32
		{442683AB-60DC-452A-8C59-FA8D2D9C99AC}.Debug|x86.Build.0 = Debug|Win32
		{442683AB-60DC-452A-8C59-FA8D2D9C99AC}.Release|x64.ActiveCfg = Release|x64
		{442683AB-60DC-452A-8C59-FA8D2D9C99AC}.Release|x64.Build.0 = Release|x64
		{442683AB-60DC-452A-8C59-FA8D2D9C99AC}.Release|x86.ActiveCfg = Release|Win32
		{442683AB-60DC-452A-8C59-FA8D2D9C99AC}.Release|x86.Build.0 = Release|Win32
	EndGlobalSection
	GlobalSection(SolutionProperties) = preSolution
		HideSolutionNode = FALSE
	EndGlobalSection
	GlobalSection(ExtensibilityGlobals) = postSolution
		SolutionGuid = {571C7ACD-80F8-41F7-96C6-E1C8AC8B9467}
	EndGlobalSection
EndGlobal
